# THIS IS AN AUTOGENERATED FILE. DO NOT EDIT THIS FILE DIRECTLY.
# yarn lockfile v1


"@types/decimal.js@^0.0.30":
  version "0.0.30"
  resolved "https://registry.yarnpkg.com/@types/decimal.js/-/decimal.js-0.0.30.tgz#07798d90595dbf3936f10f240ef38c5b928ed5fc"
  integrity sha1-B3mNkFldvzk28Q8kDvOMW5KO1fw=

"@types/long@>=3":
  version "4.0.1"
  resolved "https://registry.yarnpkg.com/@types/long/-/long-4.0.1.tgz#459c65fa1867dafe6a8f322c4c51695663cc55e9"
  integrity sha512-5tXH6Bx/kNGd3MgffdmP4dy2Z+G4eaXw0SE81Tq3BNadtnMR5/ySMzX4SLEzHJzSmPNn4HIdpQsBvXMUykr58w==

dynamodb-geo-bersaelor-test@^0.4.1:
  version "0.4.1"
  resolved "https://registry.yarnpkg.com/dynamodb-geo-bersaelor-test/-/dynamodb-geo-bersaelor-test-0.4.1.tgz#86373b35c97d49dbe012d8540c61b460570760e8"
  integrity sha512-QP2UpgNSPt7qHpOOMsbF82PC2WjDFNGByRY5uJOq2K5kZCMMvKlPM7/ljeJXUExxXXYfynroA1Ihf/MdsPptSg==
  dependencies:
    "@types/decimal.js" "^0.0.30"
    "@types/long" ">=3"
    nodes2ts "^2.0.0"

long@^4.0.0:
  version "4.0.0"
  resolved "https://registry.yarnpkg.com/long/-/long-4.0.0.tgz#9a7b71cfb7d361a194ea555241c92f7468d5bf28"
  integrity sha512-XsP+KhQif4bjX1kbuSiySJFNAehNxgLb6hPRGJ9QsUr8ajHkuXGdrHmFUTUUXhDwVX2R5bY4JNZEwbUiMhV+MA==

node-fetch@^2.6.1:
  version "2.6.1"
  resolved "https://registry.yarnpkg.com/node-fetch/-/node-fetch-2.6.1.tgz#045bd323631f76ed2e2b55573394416b639a0052"
  integrity sha512-V4aYg89jEoVRxRb2fJdAg8FHvI7cEyYdVAh94HH0UIK8oJxUfkjlDQN9RbMx+bEjP7+ggMiFRprSti032Oipxw==

nodes2ts@^2.0.0:
  version "2.0.0"
  resolved "https://registry.yarnpkg.com/nodes2ts/-/nodes2ts-2.0.0.tgz#7ff815313257d9eba696eecb63482ed3754d1954"
  integrity sha512-847uDvD2P19xsN7BNPbeUqaZCxA3OBmlHCIqpAsy/JCnGI90XZeZTFtHueK6GZjn/CNaBG2sA42aI0qQvLAJig==
  dependencies:
    long "^4.0.0"
